// !$*UTF8*$!
{
	archiveVersion = 1;
	classes = {
	};
	objectVersion = 46;
	objects = {

/* Begin PBXBuildFile section */
		84F1B36B1BFA31AB00F0AEC3 /* AppDelegate.m in Sources */ = {isa = PBXBuildFile; fileRef = 84F1B36A1BFA31AB00F0AEC3 /* AppDelegate.m */; };
		84F1B36D1BFA31AB00F0AEC3 /* main.m in Sources */ = {isa = PBXBuildFile; fileRef = 84F1B36C1BFA31AB00F0AEC3 /* main.m */; };
		84F1B3701BFA31AB00F0AEC3 /* ViewController.m in Sources */ = {isa = PBXBuildFile; fileRef = 84F1B36F1BFA31AB00F0AEC3 /* ViewController.m */; };
		84F1B3721BFA31AB00F0AEC3 /* Images.xcassets in Resources */ = {isa = PBXBuildFile; fileRef = 84F1B3711BFA31AB00F0AEC3 /* Images.xcassets */; };
		84F1B3751BFA31AB00F0AEC3 /* Main.storyboard in Resources */ = {isa = PBXBuildFile; fileRef = 84F1B3731BFA31AB00F0AEC3 /* Main.storyboard */; };
		84F1B3811BFA31AB00F0AEC3 /* IRtemperatureTests.m in Sources */ = {isa = PBXBuildFile; fileRef = 84F1B3801BFA31AB00F0AEC3 /* IRtemperatureTests.m */; };
/* End PBXBuildFile section */

/* Begin PBXContainerItemProxy section */
		84F1B37B1BFA31AB00F0AEC3 /* PBXContainerItemProxy */ = {
			isa = PBXContainerItemProxy;
			containerPortal = 84F1B35C1BFA31AA00F0AEC3 /* Project object */;
			proxyType = 1;
			remoteGlobalIDString = 84F1B3631BFA31AB00F0AEC3;
			remoteInfo = IRtemperature;
		};
/* End PBXContainerItemProxy section */

/* Begin PBXFileReference section */
		84F1B3641BFA31AB00F0AEC3 /* IRtemperature.app */ = {isa = PBXFileReference; explicitFileType = wrapper.application; includeInIndex = 0; path = IRtemperature.app; sourceTree = BUILT_PRODUCTS_DIR; };
		84F1B3681BFA31AB00F0AEC3 /* Info.plist */ = {isa = PBXFileReference; lastKnownFileType = text.plist.xml; path = Info.plist; sourceTree = "<group>"; };
		84F1B3691BFA31AB00F0AEC3 /* AppDelegate.h */ = {isa = PBXFileReference; lastKnownFileType = sourcecode.c.h; path = AppDelegate.h; sourceTree = "<group>"; };
		84F1B36A1BFA31AB00F0AEC3 /* AppDelegate.m */ = {isa = PBXFileReference; lastKnownFileType = sourcecode.c.objc; path = AppDelegate.m; sourceTree = "<group>"; };
		84F1B36C1BFA31AB00F0AEC3 /* main.m */ = {isa = PBXFileReference; lastKnownFileType = sourcecode.c.objc; path = main.m; sourceTree = "<group>"; };
		84F1B36E1BFA31AB00F0AEC3 /* ViewController.h */ = {isa = PBXFileReference; lastKnownFileType = sourcecode.c.h; path = ViewController.h; sourceTree = "<group>"; };
		84F1B36F1BFA31AB00F0AEC3 /* ViewController.m */ = {isa = PBXFileReference; lastKnownFileType = sourcecode.c.objc; path = ViewController.m; sourceTree = "<group>"; };
		84F1B3711BFA31AB00F0AEC3 /* Images.xcassets */ = {isa = PBXFileReference; lastKnownFileType = folder.assetcatalog; path = Images.xcassets; sourceTree = "<group>"; };
		84F1B3741BFA31AB00F0AEC3 /* Base */ = {isa = PBXFileReference; lastKnownFileType = file.storyboard; name = Base; path = Base.lproj/Main.storyboard; sourceTree = "<group>"; };
		84F1B37A1BFA31AB00F0AEC3 /* IRtemperatureTests.xctest */ = {isa = PBXFileReference; explicitFileType = wrapper.cfbundle; includeInIndex = 0; path = IRtemperatureTests.xctest; sourceTree = BUILT_PRODUCTS_DIR; };
		84F1B37F1BFA31AB00F0AEC3 /* Info.plist */ = {isa = PBXFileReference; lastKnownFileType = text.plist.xml; path = Info.plist; sourceTree = "<group>"; };
		84F1B3801BFA31AB00F0AEC3 /* IRtemperatureTests.m */ = {isa = PBXFileReference; lastKnownFileType = sourcecode.c.objc; path = IRtemperatureTests.m; sourceTree = "<group>"; };
/* End PBXFileReference section */

/* Begin PBXFrameworksBuildPhase section */
		84F1B3611BFA31AB00F0AEC3 /* Frameworks */ = {
			isa = PBXFrameworksBuildPhase;
			buildActionMask = 2147483647;
			files = (
			);
			runOnlyForDeploymentPostprocessing = 0;
		};
		84F1B3771BFA31AB00F0AEC3 /* Frameworks */ = {
			isa = PBXFrameworksBuildPhase;
			buildActionMask = 2147483647;
			files = (
			);
			runOnlyForDeploymentPostprocessing = 0;
		};
/* End PBXFrameworksBuildPhase section */

/* Begin PBXGroup section */
		84F1B35B1BFA31AA00F0AEC3 = {
			isa = PBXGroup;
			children = (
				84F1B3661BFA31AB00F0AEC3 /* IRtemperature */,
				84F1B37D1BFA31AB00F0AEC3 /* IRtemperatureTests */,
				84F1B3651BFA31AB00F0AEC3 /* Products */,
			);
			sourceTree = "<group>";
		};
		84F1B3651BFA31AB00F0AEC3 /* Products */ = {
			isa = PBXGroup;
			children = (
				84F1B3641BFA31AB00F0AEC3 /* IRtemperature.app */,
				84F1B37A1BFA31AB00F0AEC3 /* IRtemperatureTests.xctest */,
			);
			name = Products;
			sourceTree = "<group>";
		};
		84F1B3661BFA31AB00F0AEC3 /* IRtemperature */ = {
			isa = PBXGroup;
			children = (
				84F1B3691BFA31AB00F0AEC3 /* AppDelegate.h */,
				84F1B36A1BFA31AB00F0AEC3 /* AppDelegate.m */,
				84F1B36E1BFA31AB00F0AEC3 /* ViewController.h */,
				84F1B36F1BFA31AB00F0AEC3 /* ViewController.m */,
				84F1B3711BFA31AB00F0AEC3 /* Images.xcassets */,
				84F1B3731BFA31AB00F0AEC3 /* Main.storyboard */,
				84F1B3671BFA31AB00F0AEC3 /* Supporting Files */,
			);
			path = IRtemperature;
			sourceTree = "<group>";
		};
		84F1B3671BFA31AB00F0AEC3 /* Supporting Files */ = {
			isa = PBXGroup;
			children = (
				84F1B3681BFA31AB00F0AEC3 /* Info.plist */,
				84F1B36C1BFA31AB00F0AEC3 /* main.m */,
			);
			name = "Supporting Files";
			sourceTree = "<group>";
		};
		84F1B37D1BFA31AB00F0AEC3 /* IRtemperatureTests */ = {
			isa = PBXGroup;
			children = (
				84F1B3801BFA31AB00F0AEC3 /* IRtemperatureTests.m */,
				84F1B37E1BFA31AB00F0AEC3 /* Supporting Files */,
			);
			path = IRtemperatureTests;
			sourceTree = "<group>";
		};
		84F1B37E1BFA31AB00F0AEC3 /* Supporting Files */ = {
			isa = PBXGroup;
			children = (
				84F1B37F1BFA31AB00F0AEC3 /* Info.plist */,
			);
			name = "Supporting Files";
			sourceTree = "<group>";
		};
/* End PBXGroup section */

/* Begin PBXNativeTarget section */
		84F1B3631BFA31AB00F0AEC3 /* IRtemperature */ = {
			isa = PBXNativeTarget;
			buildConfigurationList = 84F1B3841BFA31AB00F0AEC3 /* Build configuration list for PBXNativeTarget "IRtemperature" */;
			buildPhases = (
				84F1B3601BFA31AB00F0AEC3 /* Sources */,
				84F1B3611BFA31AB00F0AEC3 /* Frameworks */,
				84F1B3621BFA31AB00F0AEC3 /* Resources */,
			);
			buildRules = (
			);
			dependencies = (
			);
			name = IRtemperature;
			productName = IRtemperature;
			productReference = 84F1B3641BFA31AB00F0AEC3 /* IRtemperature.app */;
			productType = "com.apple.product-type.application";
		};
		84F1B3791BFA31AB00F0AEC3 /* IRtemperatureTests */ = {
			isa = PBXNativeTarget;
			buildConfigurationList = 84F1B3871BFA31AB00F0AEC3 /* Build configuration list for PBXNativeTarget "IRtemperatureTests" */;
			buildPhases = (
				84F1B3761BFA31AB00F0AEC3 /* Sources */,
				84F1B3771BFA31AB00F0AEC3 /* Frameworks */,
				84F1B3781BFA31AB00F0AEC3 /* Resources */,
			);
			buildRules = (
			);
			dependencies = (
				84F1B37C1BFA31AB00F0AEC3 /* PBXTargetDependency */,
			);
			name = IRtemperatureTests;
			productName = IRtemperatureTests;
			productReference = 84F1B37A1BFA31AB00F0AEC3 /* IRtemperatureTests.xctest */;
			productType = "com.apple.product-type.bundle.unit-test";
		};
/* End PBXNativeTarget section */

/* Begin PBXProject section */
		84F1B35C1BFA31AA00F0AEC3 /* Project object */ = {
			isa = PBXProject;
			attributes = {
				LastUpgradeCheck = 0630;
				ORGANIZATIONNAME = "Yujie Hao";
				TargetAttributes = {
					84F1B3631BFA31AB00F0AEC3 = {
						CreatedOnToolsVersion = 6.3.2;
					};
					84F1B3791BFA31AB00F0AEC3 = {
						CreatedOnToolsVersion = 6.3.2;
						TestTargetID = 84F1B3631BFA31AB00F0AEC3;
					};
				};
			};
			buildConfigurationList = 84F1B35F1BFA31AA00F0AEC3 /* Build configuration list for PBXProject "IRtemperature" */;
			compatibilityVersion = "Xcode 3.2";
			developmentRegion = English;
			hasScannedForEncodings = 0;
			knownRegions = (
				en,
				Base,
			);
			mainGroup = 84F1B35B1BFA31AA00F0AEC3;
			productRefGroup = 84F1B3651BFA31AB00F0AEC3 /* Products */;
			projectDirPath = "";
			projectRoot = "";
			targets = (
				84F1B3631BFA31AB00F0AEC3 /* IRtemperature */,
				84F1B3791BFA31AB00F0AEC3 /* IRtemperatureTests */,
			);
		};
/* End PBXProject section */

/* Begin PBXResourcesBuildPhase section */
		84F1B3621BFA31AB00F0AEC3 /* Resources */ = {
			isa = PBXResourcesBuildPhase;
			buildActionMask = 2147483647;
			files = (
				84F1B3721BFA31AB00F0AEC3 /* Images.xcassets in Resources */,
				84F1B3751BFA31AB00F0AEC3 /* Main.storyboard in Resources */,
			);
			runOnlyForDeploymentPostprocessing = 0;
		};
		84F1B3781BFA31AB00F0AEC3 /* Resources */ = {
			isa = PBXResourcesBuildPhase;
			buildActionMask = 2147483647;
			files = (
			);
			runOnlyForDeploymentPostprocessing = 0;
		};
/* End PBXResourcesBuildPhase section */

/* Begin PBXSourcesBuildPhase section */
		84F1B3601BFA31AB00F0AEC3 /* Sources */ = {
			isa = PBXSourcesBuildPhase;
			buildActionMask = 2147483647;
			files = (
				84F1B3701BFA31AB00F0AEC3 /* ViewController.m in Sources */,
				84F1B36D1BFA31AB00F0AEC3 /* main.m in Sources */,
				84F1B36B1BFA31AB00F0AEC3 /* AppDelegate.m in Sources */,
			);
			runOnlyForDeploymentPostprocessing = 0;
		};
		84F1B3761BFA31AB00F0AEC3 /* Sources */ = {
			isa = PBXSourcesBuildPhase;
			buildActionMask = 2147483647;
			files = (
				84F1B3811BFA31AB00F0AEC3 /* IRtemperatureTests.m in Sources */,
			);
			runOnlyForDeploymentPostprocessing = 0;
		};
/* End PBXSourcesBuildPhase section */

/* Begin PBXTargetDependency section */
		84F1B37C1BFA31AB00F0AEC3 /* PBXTargetDependency */ = {
			isa = PBXTargetDependency;
			target = 84F1B3631BFA31AB00F0AEC3 /* IRtemperature */;
			targetProxy = 84F1B37B1BFA31AB00F0AEC3 /* PBXContainerItemProxy */;
		};
/* End PBXTargetDependency section */

/* Begin PBXVariantGroup section */
		84F1B3731BFA31AB00F0AEC3 /* Main.storyboard */ = {
			isa = PBXVariantGroup;
			children = (
				84F1B3741BFA31AB00F0AEC3 /* Base */,
			);
			name = Main.storyboard;
			sourceTree = "<group>";
		};
/* End PBXVariantGroup section */

/* Begin XCBuildConfiguration section */
		84F1B3821BFA31AB00F0AEC3 /* Debug */ = {
			isa = XCBuildConfiguration;
			buildSettings = {
				ALWAYS_SEARCH_USER_PATHS = NO;
				CLANG_CXX_LANGUAGE_STANDARD = "gnu++0x";
				CLANG_CXX_LIBRARY = "libc++";
				CLANG_ENABLE_MODULES = YES;
				CLANG_ENABLE_OBJC_ARC = YES;
				CLANG_WARN_BOOL_CONVERSION = YES;
				CLANG_WARN_CONSTANT_CONVERSION = YES;
				CLANG_WARN_DIRECT_OBJC_ISA_USAGE = YES_ERROR;
				CLANG_WARN_EMPTY_BODY = YES;
				CLANG_WARN_ENUM_CONVERSION = YES;
				CLANG_WARN_INT_CONVERSION = YES;
				CLANG_WARN_OBJC_ROOT_CLASS = YES_ERROR;
				CLANG_WARN_UNREACHABLE_CODE = YES;
				CLANG_WARN__DUPLICATE_METHOD_MATCH = YES;
				CODE_SIGN_IDENTITY = "-";
				COPY_PHASE_STRIP = NO;
				DEBUG_INFORMATION_FORMAT = dwarf;
				ENABLE_STRICT_OBJC_MSGSEND = YES;
				GCC_C_LANGUAGE_STANDARD = gnu99;
				GCC_DYNAMIC_NO_PIC = NO;
				GCC_NO_COMMON_BLOCKS = YES;
				GCC_OPTIMIZATION_LEVEL = 0;
				GCC_PREPROCESSOR_DEFINITIONS = (
					"DEBUG=1",
					"$(inherited)",
				);
				GCC_SYMBOLS_PRIVATE_EXTERN = NO;
				GCC_WARN_64_TO_32_BIT_CONVERSION = YES;
				GCC_WARN_ABOUT_RETURN_TYPE = YES_ERROR;
				GCC_WARN_UNDECLARED_SELECTOR = YES;
				GCC_WARN_UNINITIALIZED_AUTOS = YES_AGGRESSIVE;
				GCC_WARN_UNUSED_FUNCTION = YES;
				GCC_WARN_UNUSED_VARIABLE = YES;
				MACOSX_DEPLOYMENT_TARGET = 10.11;
				MTL_ENABLE_DEBUG_INFO = YES;
				ONLY_ACTIVE_ARCH = YES;
				SDKROOT = macosx;
			};
			name = Debug;
		};
		84F1B3831BFA31AB00F0AEC3 /* Release */ = {
			isa = XCBuildConfiguration;
			buildSettings = {
				ALWAYS_SEARCH_USER_PATHS = NO;
				CLANG_CXX_LANGUAGE_STANDARD = "gnu++0x";
				CLANG_CXX_LIBRARY = "libc++";
				CLANG_ENABLE_MODULES = YES;
				CLANG_ENABLE_OBJC_ARC = YES;
				CLANG_WARN_BOOL_CONVERSION = YES;
				CLANG_WARN_CONSTANT_CONVERSION = YES;
				CLANG_WARN_DIRECT_OBJC_ISA_USAGE = YES_ERROR;
				CLANG_WARN_EMPTY_BODY = YES;
				CLANG_WARN_ENUM_CONVERSION = YES;
				CLANG_WARN_INT_CONVERSION = YES;
				CLANG_WARN_OBJC_ROOT_CLASS = YES_ERROR;
				CLANG_WARN_UNREACHABLE_CODE = YES;
				CLANG_WARN__DUPLICATE_METHOD_MATCH = YES;
				CODE_SIGN_IDENTITY = "-";
				COPY_PHASE_STRIP = NO;
				DEBUG_INFORMATION_FORMAT = "dwarf-with-dsym";
				ENABLE_NS_ASSERTIONS = NO;
				ENABLE_STRICT_OBJC_MSGSEND = YES;
				GCC_C_LANGUAGE_STANDARD = gnu99;
				GCC_NO_COMMON_BLOCKS = YES;
				GCC_WARN_64_TO_32_BIT_CONVERSION = YES;
				GCC_WARN_ABOUT_RETURN_TYPE = YES_ERROR;
				GCC_WARN_UNDECLARED_SELECTOR = YES;
				GCC_WARN_UNINITIALIZED_AUTOS = YES_AGGRESSIVE;
				GCC_WARN_UNUSED_FUNCTION = YES;
				GCC_WARN_UNUSED_VARIABLE = YES;
				MACOSX_DEPLOYMENT_TARGET = 10.11;
				MTL_ENABLE_DEBUG_INFO = NO;
				SDKROOT = macosx;
			};
			name = Release;
		};
		84F1B3851BFA31AB00F0AEC3 /* Debug */ = {
			isa = XCBuildConfiguration;
			buildSettings = {
				ASSETCATALOG_COMPILER_APPICON_NAME = AppIcon;
				COMBINE_HIDPI_IMAGES = YES;
				INFOPLIST_FILE = IRtemperature/Info.plist;
				LD_RUNPATH_SEARCH_PATHS = "$(inherited) @executable_path/../Frameworks";
				PRODUCT_NAME = "$(TARGET_NAME)";
			};
			name = Debug;
		};
		84F1B3861BFA31AB00F0AEC3 /* Release */ = {
			isa = XCBuildConfiguration;
			buildSettings = {
				ASSETCATALOG_COMPILER_APPICON_NAME = AppIcon;
				COMBINE_HIDPI_IMAGES = YES;
				INFOPLIST_FILE = IRtemperature/Info.plist;
				LD_RUNPATH_SEARCH_PATHS = "$(inherited) @executable_path/../Frameworks";
				PRODUCT_NAME = "$(TARGET_NAME)";
			};
			name = Release;
		};
		84F1B3881BFA31AB00F0AEC3 /* Debug */ = {
			isa = XCBuildConfiguration;
			buildSettings = {
				BUNDLE_LOADER = "$(TEST_HOST)";
				COMBINE_HIDPI_IMAGES = YES;
				FRAMEWORK_SEARCH_PATHS = (
					"$(DEVELOPER_FRAMEWORKS_DIR)",
					"$(inherited)",
				);
				GCC_PREPROCESSOR_DEFINITIONS = (
					"DEBUG=1",
					"$(inherited)",
				);
				INFOPLIST_FILE = IRtemperatureTests/Info.plist;
				LD_RUNPATH_SEARCH_PATHS = "$(inherited) @executable_path/../Frameworks @loader_path/../Frameworks";
				PRODUCT_NAME = "$(TARGET_NAME)";
				TEST_HOST = "$(BUILT_PRODUCTS_DIR)/IRtemperature.app/Contents/MacOS/IRtemperature";
			};
			name = Debug;
		};
		84F1B3891BFA31AB00F0AEC3 /* Release */ = {
			isa = XCBuildConfiguration;
			buildSettings = {
				BUNDLE_LOADER = "$(TEST_HOST)";
				COMBINE_HIDPI_IMAGES = YES;
				FRAMEWORK_SEARCH_PATHS = (
					"$(DEVELOPER_FRAMEWORKS_DIR)",
					"$(inherited)",
				);
				INFOPLIST_FILE = IRtemperatureTests/Info.plist;
				LD_RUNPATH_SEARCH_PATHS = "$(inherited) @executable_path/../Frameworks @loader_path/../Frameworks";
				PRODUCT_NAME = "$(TARGET_NAME)";
				TEST_HOST = "$(BUILT_PRODUCTS_DIR)/IRtemperature.app/Contents/MacOS/IRtemperature";
			};
			name = Release;
		};
/* End XCBuildConfiguration section */

/* Begin XCConfigurationList section */
		84F1B35F1BFA31AA00F0AEC3 /* Build configuration list for PBXProject "IRtemperature" */ = {
			isa = XCConfigurationList;
			buildConfigurations = (
				84F1B3821BFA31AB00F0AEC3 /* Debug */,
				84F1B3831BFA31AB00F0AEC3 /* Release */,
			);
			defaultConfigurationIsVisible = 0;
			defaultConfigurationName = Release;
		};
		84F1B3841BFA31AB00F0AEC3 /* Build configuration list for PBXNativeTarget "IRtemperature" */ = {
			isa = XCConfigurationList;
			buildConfigurations = (
				84F1B3851BFA31AB00F0AEC3 /* Debug */,
				84F1B3861BFA31AB00F0AEC3 /* Release */,
			);
			defaultConfigurationIsVisible = 0;
		};
		84F1B3871BFA31AB00F0AEC3 /* Build configuration list for PBXNativeTarget "IRtemperatureTests" */ = {
			isa = XCConfigurationList;
			buildConfigurations = (
				84F1B3881BFA31AB00F0AEC3 /* Debug */,
				84F1B3891BFA31AB00F0AEC3 /* Release */,
			);
			defaultConfigurationIsVisible = 0;
		};
/* End XCConfigurationList section */
	};
	rootObject = 84F1B35C1BFA31AA00F0AEC3 /* Project object */;
}
